
Microsoft Visual Studio Solution File, Format Version 12.00
# Visual Studio 2013
VisualStudioVersion = 12.0.30723.0
MinimumVisualStudioVersion = 10.0.40219.1
Project("{FAE04EC0-301F-11D3-BF4B-00C04F79EFBC}") = "RDV.Web", "RDV.Web\RDV.Web.csproj", "{8772A13E-38C9-4E1C-AA32-97AD627E3A2B}"
EndProject
Project("{FAE04EC0-301F-11D3-BF4B-00C04F79EFBC}") = "RDV.Domain", "RDV.Domain\RDV.Domain.csproj", "{CD0359D0-EFFA-4E35-8716-507CDAFECC89}"
EndProject
Project("{FAE04EC0-301F-11D3-BF4B-00C04F79EFBC}") = "RDV.CAN.Special", "RDV.CAN.Special\RDV.CAN.Special.csproj", "{B47DFD37-A83F-4D9A-99A5-6656ABF5D2B6}"
EndProject
Project("{FAE04EC0-301F-11D3-BF4B-00C04F79EFBC}") = "RDV.UrlRunner", "RDV.UrlRunner\RDV.UrlRunner.csproj", "{632E4B24-9EFD-4CAA-8321-38553C35CB71}"
EndProject
Global
	GlobalSection(SolutionConfigurationPlatforms) = preSolution
		Debug|Any CPU = Debug|Any CPU
		Release|Any CPU = Release|Any CPU
	EndGlobalSection
	GlobalSection(ProjectConfigurationPlatforms) = postSolution
		{8772A13E-38C9-4E1C-AA32-97AD627E3A2B}.Debug|Any CPU.ActiveCfg = Debug|Any CPU
		{8772A13E-38C9-4E1C-AA32-97AD627E3A2B}.Debug|Any CPU.Build.0 = Debug|Any CPU
		{8772A13E-38C9-4E1C-AA32-97AD627E3A2B}.Release|Any CPU.ActiveCfg = Release|Any CPU
		{8772A13E-38C9-4E1C-AA32-97AD627E3A2B}.Release|Any CPU.Build.0 = Release|Any CPU
		{CD0359D0-EFFA-4E35-8716-507CDAFECC89}.Debug|Any CPU.ActiveCfg = Debug|Any CPU
		{CD0359D0-EFFA-4E35-8716-507CDAFECC89}.Debug|Any CPU.Build.0 = Debug|Any CPU
		{CD0359D0-EFFA-4E35-8716-507CDAFECC89}.Release|Any CPU.ActiveCfg = Release|Any CPU
		{CD0359D0-EFFA-4E35-8716-507CDAFECC89}.Release|Any CPU.Build.0 = Release|Any CPU
		{B47DFD37-A83F-4D9A-99A5-6656ABF5D2B6}.Debug|Any CPU.ActiveCfg = Debug|Any CPU
		{B47DFD37-A83F-4D9A-99A5-6656ABF5D2B6}.Debug|Any CPU.Build.0 = Debug|Any CPU
		{B47DFD37-A83F-4D9A-99A5-6656ABF5D2B6}.Release|Any CPU.ActiveCfg = Release|Any CPU
		{B47DFD37-A83F-4D9A-99A5-6656ABF5D2B6}.Release|Any CPU.Build.0 = Release|Any CPU
		{632E4B24-9EFD-4CAA-8321-38553C35CB71}.Debug|Any CPU.ActiveCfg = Debug|Any CPU
		{632E4B24-9EFD-4CAA-8321-38553C35CB71}.Debug|Any CPU.Build.0 = Debug|Any CPU
		{632E4B24-9EFD-4CAA-8321-38553C35CB71}.Release|Any CPU.ActiveCfg = Release|Any CPU
		{632E4B24-9EFD-4CAA-8321-38553C35CB71}.Release|Any CPU.Build.0 = Release|Any CPU
	EndGlobalSection
	GlobalSection(SolutionProperties) = preSolution
		HideSolutionNode = FALSE
	EndGlobalSection
EndGlobal
